
Microsoft Visual Studio Solution File, Format Version 12.00
# Visual Studio Version 16
VisualStudioVersion = 16.0.30523.141
MinimumVisualStudioVersion = 10.0.40219.1
Project("{FAE04EC0-301F-11D3-BF4B-00C04F79EFBC}") = "app_aspnet_core", "app_aspnet_core\app_aspnet_core.csproj", "{FBCCA0AA-B694-4506-95EF-DFB4DDD81E29}"
EndProject
Global
	GlobalSection(SolutionConfigurationPlatforms) = preSolution
		Debug|Any CPU = Debug|Any CPU
		Release|Any CPU = Release|Any CPU
	EndGlobalSection
	GlobalSection(ProjectConfigurationPlatforms) = postSolution
		{FBCCA0AA-B694-4506-95EF-DFB4DDD81E29}.Debug|Any CPU.ActiveCfg = Debug|Any CPU
		{FBCCA0AA-B694-4506-95EF-DFB4DDD81E29}.Debug|Any CPU.Build.0 = Debug|Any CPU
		{FBCCA0AA-B694-4506-95EF-DFB4DDD81E29}.Release|Any CPU.ActiveCfg = Release|Any CPU
		{FBCCA0AA-B694-4506-95EF-DFB4DDD81E29}.Release|Any CPU.Build.0 = Release|Any CPU
	EndGlobalSection
	GlobalSection(SolutionProperties) = preSolution
		HideSolutionNode = FALSE
	EndGlobalSection
	GlobalSection(ExtensibilityGlobals) = postSolution
		SolutionGuid = {446C485A-2A54-44EC-BF87-595BEB4A9742}
	EndGlobalSection
EndGlobal
